
Microsoft Visual Studio Solution File, Format Version 12.00
# Visual Studio 15
VisualStudioVersion = 15.0.28010.2016
MinimumVisualStudioVersion = 10.0.40219.1
Project("{8BC9CEB8-8B4A-11D0-8D11-00A0C91BC942}") = "ws4", "ws4.vcxproj", "{E6039928-BD4A-4010-BCEB-464B7C8655A0}"
EndProject
Global
	GlobalSection(SolutionConfigurationPlatforms) = preSolution
		Debug|x64 = Debug|x64
		Debug|x86 = Debug|x86
		Release|x64 = Release|x64
		Release|x86 = Release|x86
	EndGlobalSection
	GlobalSection(ProjectConfigurationPlatforms) = postSolution
		{E6039928-BD4A-4010-BCEB-464B7C8655A0}.Debug|x64.ActiveCfg = Debug|x64
		{E6039928-BD4A-4010-BCEB-464B7C8655A0}.Debug|x64.Build.0 = Debug|x64
		{E6039928-BD4A-4010-BCEB-464B7C8655A0}.Debug|x86.ActiveCfg = Debug|Win32
		{E6039928-BD4A-4010-BCEB-464B7C8655A0}.Debug|x86.Build.0 = Debug|Win32
		{E6039928-BD4A-4010-BCEB-464B7C8655A0}.Release|x64.ActiveCfg = Release|x64
		{E6039928-BD4A-4010-BCEB-464B7C8655A0}.Release|x64.Build.0 = Release|x64
		{E6039928-BD4A-4010-BCEB-464B7C8655A0}.Release|x86.ActiveCfg = Release|Win32
		{E6039928-BD4A-4010-BCEB-464B7C8655A0}.Release|x86.Build.0 = Release|Win32
	EndGlobalSection
	GlobalSection(SolutionProperties) = preSolution
		HideSolutionNode = FALSE
	EndGlobalSection
	GlobalSection(ExtensibilityGlobals) = postSolution
		SolutionGuid = {B0DDE444-CD9F-45C4-B27B-A54B0F5BB8E1}
	EndGlobalSection
EndGlobal
